// !$*UTF8*$!
{
	archiveVersion = 1;
	classes = {
	};
	objectVersion = 56;
	objects = {

/* Begin PBXBuildFile section */
		A0123D6229AFF13A004C2710 /* ContentViewModel.swift in Sources */ = {isa = PBXBuildFile; fileRef = A0123D6129AFF13A004C2710 /* ContentViewModel.swift */; };
		A0132A0229AD34B600C6DAB1 /* input.png in CopyFiles */ = {isa = PBXBuildFile; fileRef = A01329FD29AD313400C6DAB1 /* input.png */; settings = {ATTRIBUTES = (CodeSignOnCopy, ); }; };
		A02726B329B37E2600731682 /* GitTesting.swift in Sources */ = {isa = PBXBuildFile; fileRef = A02726B229B37E2600731682 /* GitTesting.swift */; };
		A049765C29B036A4000D5DCF /* SimilarityImagePredictionView.swift in Sources */ = {isa = PBXBuildFile; fileRef = A049765B29B036A4000D5DCF /* SimilarityImagePredictionView.swift */; };
		A04A906B29AE9B8100314A6E /* SimilarityUtils.swift in Sources */ = {isa = PBXBuildFile; fileRef = A04A906A29AE9B8100314A6E /* SimilarityUtils.swift */; };
		A077191729ABFB4900AB00B1 /* clip_macApp.swift in Sources */ = {isa = PBXBuildFile; fileRef = A077191629ABFB4900AB00B1 /* clip_macApp.swift */; };
		A077191929ABFB4900AB00B1 /* ContentView.swift in Sources */ = {isa = PBXBuildFile; fileRef = A077191829ABFB4900AB00B1 /* ContentView.swift */; };
		A077191B29ABFB4900AB00B1 /* Assets.xcassets in Resources */ = {isa = PBXBuildFile; fileRef = A077191A29ABFB4900AB00B1 /* Assets.xcassets */; };
		A077191E29ABFB4900AB00B1 /* Preview Assets.xcassets in Resources */ = {isa = PBXBuildFile; fileRef = A077191D29ABFB4900AB00B1 /* Preview Assets.xcassets */; };
		A077192029ABFB4900AB00B1 /* Persistence.swift in Sources */ = {isa = PBXBuildFile; fileRef = A077191F29ABFB4900AB00B1 /* Persistence.swift */; };
		A077192329ABFB4900AB00B1 /* clip_mac.xcdatamodeld in Sources */ = {isa = PBXBuildFile; fileRef = A077192129ABFB4900AB00B1 /* clip_mac.xcdatamodeld */; };
		A077192E29ABFB4900AB00B1 /* clip_macTests.swift in Sources */ = {isa = PBXBuildFile; fileRef = A077192D29ABFB4900AB00B1 /* clip_macTests.swift */; };
		A077193829ABFB4900AB00B1 /* clip_macUITests.swift in Sources */ = {isa = PBXBuildFile; fileRef = A077193729ABFB4900AB00B1 /* clip_macUITests.swift */; };
		A077193A29ABFB4900AB00B1 /* clip_macUITestsLaunchTests.swift in Sources */ = {isa = PBXBuildFile; fileRef = A077193929ABFB4900AB00B1 /* clip_macUITestsLaunchTests.swift */; };
		A077194929ABFCA900AB00B1 /* PerformML.swift in Sources */ = {isa = PBXBuildFile; fileRef = A077194829ABFCA900AB00B1 /* PerformML.swift */; };
		A07D532229C3410E00E1FF10 /* clip_vitb32.mlpackage in Sources */ = {isa = PBXBuildFile; fileRef = A0E91FA829AD17DE0076F7AE /* clip_vitb32.mlpackage */; };
		A080980529AEA855003585B2 /* Collections in Frameworks */ = {isa = PBXBuildFile; productRef = A080980429AEA855003585B2 /* Collections */; };
		A080980729AEA855003585B2 /* DequeModule in Frameworks */ = {isa = PBXBuildFile; productRef = A080980629AEA855003585B2 /* DequeModule */; };
		A080980929AEA855003585B2 /* OrderedCollections in Frameworks */ = {isa = PBXBuildFile; productRef = A080980829AEA855003585B2 /* OrderedCollections */; };
		A080980C29AEAE42003585B2 /* ModelManager.swift in Sources */ = {isa = PBXBuildFile; fileRef = A080980B29AEAE42003585B2 /* ModelManager.swift */; };
		A082405329B29E810045DD30 /* MD5HashingService.swift in Sources */ = {isa = PBXBuildFile; fileRef = A082405229B29E810045DD30 /* MD5HashingService.swift */; };
		A082405629B2A4C20045DD30 /* ImageFileModel.xcdatamodeld in Sources */ = {isa = PBXBuildFile; fileRef = A082405429B2A4C20045DD30 /* ImageFileModel.xcdatamodeld */; };
		A0F2F7E029C32D5200736220 /* SwiftDraw in Frameworks */ = {isa = PBXBuildFile; productRef = A0F2F7DF29C32D5200736220 /* SwiftDraw */; };
/* End PBXBuildFile section */

/* Begin PBXContainerItemProxy section */
		A077192A29ABFB4900AB00B1 /* PBXContainerItemProxy */ = {
			isa = PBXContainerItemProxy;
			containerPortal = A077190B29ABFB4900AB00B1 /* Project object */;
			proxyType = 1;
			remoteGlobalIDString = A077191229ABFB4900AB00B1;
			remoteInfo = "clip-mac";
		};
		A077193429ABFB4900AB00B1 /* PBXContainerItemProxy */ = {
			isa = PBXContainerItemProxy;
			containerPortal = A077190B29ABFB4900AB00B1 /* Project object */;
			proxyType = 1;
			remoteGlobalIDString = A077191229ABFB4900AB00B1;
			remoteInfo = "clip-mac";
		};
/* End PBXContainerItemProxy section */

/* Begin PBXCopyFilesBuildPhase section */
		A0132A0129AD34A900C6DAB1 /* CopyFiles */ = {
			isa = PBXCopyFilesBuildPhase;
			buildActionMask = 2147483647;
			dstPath = "";
			dstSubfolderSpec = 7;
			files = (
				A0132A0229AD34B600C6DAB1 /* input.png in CopyFiles */,
			);
			runOnlyForDeploymentPostprocessing = 0;
		};
/* End PBXCopyFilesBuildPhase section */

/* Begin PBXFileReference section */
		A0123D6129AFF13A004C2710 /* ContentViewModel.swift */ = {isa = PBXFileReference; lastKnownFileType = sourcecode.swift; path = ContentViewModel.swift; sourceTree = "<group>"; };
		A01329FD29AD313400C6DAB1 /* input.png */ = {isa = PBXFileReference; lastKnownFileType = image.png; name = input.png; path = ../../Downloads/input.png; sourceTree = "<group>"; };
		A02726B229B37E2600731682 /* GitTesting.swift */ = {isa = PBXFileReference; lastKnownFileType = sourcecode.swift; path = GitTesting.swift; sourceTree = "<group>"; };
		A049765B29B036A4000D5DCF /* SimilarityImagePredictionView.swift */ = {isa = PBXFileReference; lastKnownFileType = sourcecode.swift; path = SimilarityImagePredictionView.swift; sourceTree = "<group>"; };
		A04A906A29AE9B8100314A6E /* SimilarityUtils.swift */ = {isa = PBXFileReference; lastKnownFileType = sourcecode.swift; path = SimilarityUtils.swift; sourceTree = "<group>"; };
		A077191329ABFB4900AB00B1 /* clip-mac.app */ = {isa = PBXFileReference; explicitFileType = wrapper.application; includeInIndex = 0; path = "clip-mac.app"; sourceTree = BUILT_PRODUCTS_DIR; };
		A077191629ABFB4900AB00B1 /* clip_macApp.swift */ = {isa = PBXFileReference; lastKnownFileType = sourcecode.swift; path = clip_macApp.swift; sourceTree = "<group>"; };
		A077191829ABFB4900AB00B1 /* ContentView.swift */ = {isa = PBXFileReference; lastKnownFileType = sourcecode.swift; path = ContentView.swift; sourceTree = "<group>"; };
		A077191A29ABFB4900AB00B1 /* Assets.xcassets */ = {isa = PBXFileReference; lastKnownFileType = folder.assetcatalog; path = Assets.xcassets; sourceTree = "<group>"; };
		A077191D29ABFB4900AB00B1 /* Preview Assets.xcassets */ = {isa = PBXFileReference; lastKnownFileType = folder.assetcatalog; path = "Preview Assets.xcassets"; sourceTree = "<group>"; };
		A077191F29ABFB4900AB00B1 /* Persistence.swift */ = {isa = PBXFileReference; lastKnownFileType = sourcecode.swift; path = Persistence.swift; sourceTree = "<group>"; };
		A077192229ABFB4900AB00B1 /* clip_mac.xcdatamodel */ = {isa = PBXFileReference; lastKnownFileType = wrapper.xcdatamodel; path = clip_mac.xcdatamodel; sourceTree = "<group>"; };
		A077192429ABFB4900AB00B1 /* clip_mac.entitlements */ = {isa = PBXFileReference; lastKnownFileType = text.plist.entitlements; path = clip_mac.entitlements; sourceTree = "<group>"; };
		A077192929ABFB4900AB00B1 /* clip-macTests.xctest */ = {isa = PBXFileReference; explicitFileType = wrapper.cfbundle; includeInIndex = 0; path = "clip-macTests.xctest"; sourceTree = BUILT_PRODUCTS_DIR; };
		A077192D29ABFB4900AB00B1 /* clip_macTests.swift */ = {isa = PBXFileReference; lastKnownFileType = sourcecode.swift; path = clip_macTests.swift; sourceTree = "<group>"; };
		A077193329ABFB4900AB00B1 /* clip-macUITests.xctest */ = {isa = PBXFileReference; explicitFileType = wrapper.cfbundle; includeInIndex = 0; path = "clip-macUITests.xctest"; sourceTree = BUILT_PRODUCTS_DIR; };
		A077193729ABFB4900AB00B1 /* clip_macUITests.swift */ = {isa = PBXFileReference; lastKnownFileType = sourcecode.swift; path = clip_macUITests.swift; sourceTree = "<group>"; };
		A077193929ABFB4900AB00B1 /* clip_macUITestsLaunchTests.swift */ = {isa = PBXFileReference; lastKnownFileType = sourcecode.swift; path = clip_macUITestsLaunchTests.swift; sourceTree = "<group>"; };
		A077194829ABFCA900AB00B1 /* PerformML.swift */ = {isa = PBXFileReference; lastKnownFileType = sourcecode.swift; path = PerformML.swift; sourceTree = "<group>"; };
		A080980B29AEAE42003585B2 /* ModelManager.swift */ = {isa = PBXFileReference; lastKnownFileType = sourcecode.swift; path = ModelManager.swift; sourceTree = "<group>"; };
		A082405229B29E810045DD30 /* MD5HashingService.swift */ = {isa = PBXFileReference; lastKnownFileType = sourcecode.swift; path = MD5HashingService.swift; sourceTree = "<group>"; };
		A082405529B2A4C20045DD30 /* ImageFileModel.xcdatamodel */ = {isa = PBXFileReference; lastKnownFileType = wrapper.xcdatamodel; path = ImageFileModel.xcdatamodel; sourceTree = "<group>"; };
		A0E91FA829AD17DE0076F7AE /* clip_vitb32.mlpackage */ = {isa = PBXFileReference; lastKnownFileType = folder.mlpackage; path = clip_vitb32.mlpackage; sourceTree = "<group>"; };
/* End PBXFileReference section */

/* Begin PBXFrameworksBuildPhase section */
		A077191029ABFB4900AB00B1 /* Frameworks */ = {
			isa = PBXFrameworksBuildPhase;
			buildActionMask = 2147483647;
			files = (
				A0F2F7E029C32D5200736220 /* SwiftDraw in Frameworks */,
				A080980529AEA855003585B2 /* Collections in Frameworks */,
				A080980729AEA855003585B2 /* DequeModule in Frameworks */,
				A080980929AEA855003585B2 /* OrderedCollections in Frameworks */,
			);
			runOnlyForDeploymentPostprocessing = 0;
		};
		A077192629ABFB4900AB00B1 /* Frameworks */ = {
			isa = PBXFrameworksBuildPhase;
			buildActionMask = 2147483647;
			files = (
			);
			runOnlyForDeploymentPostprocessing = 0;
		};
		A077193029ABFB4900AB00B1 /* Frameworks */ = {
			isa = PBXFrameworksBuildPhase;
			buildActionMask = 2147483647;
			files = (
			);
			runOnlyForDeploymentPostprocessing = 0;
		};
/* End PBXFrameworksBuildPhase section */

/* Begin PBXGroup section */
		A02726B129B37E1300731682 /* Experiments */ = {
			isa = PBXGroup;
			children = (
				A02726B229B37E2600731682 /* GitTesting.swift */,
			);
			path = Experiments;
			sourceTree = "<group>";
		};
		A049765A29B03693000D5DCF /* Views */ = {
			isa = PBXGroup;
			children = (
				A049765B29B036A4000D5DCF /* SimilarityImagePredictionView.swift */,
			);
			path = Views;
			sourceTree = "<group>";
		};
		A04A906929AE9B6700314A6E /* utils */ = {
			isa = PBXGroup;
			children = (
				A04A906A29AE9B8100314A6E /* SimilarityUtils.swift */,
			);
			path = utils;
			sourceTree = "<group>";
		};
		A077190A29ABFB4900AB00B1 = {
			isa = PBXGroup;
			children = (
				A01329FD29AD313400C6DAB1 /* input.png */,
				A0E91FA829AD17DE0076F7AE /* clip_vitb32.mlpackage */,
				A077191529ABFB4900AB00B1 /* clip-mac */,
				A077192C29ABFB4900AB00B1 /* clip-macTests */,
				A077193629ABFB4900AB00B1 /* clip-macUITests */,
				A077191429ABFB4900AB00B1 /* Products */,
			);
			sourceTree = "<group>";
		};
		A077191429ABFB4900AB00B1 /* Products */ = {
			isa = PBXGroup;
			children = (
				A077191329ABFB4900AB00B1 /* clip-mac.app */,
				A077192929ABFB4900AB00B1 /* clip-macTests.xctest */,
				A077193329ABFB4900AB00B1 /* clip-macUITests.xctest */,
			);
			name = Products;
			sourceTree = "<group>";
		};
		A077191529ABFB4900AB00B1 /* clip-mac */ = {
			isa = PBXGroup;
			children = (
				A07D532129C340CA00E1FF10 /* ViewModels */,
				A02726B129B37E1300731682 /* Experiments */,
				A082405129B29E6B0045DD30 /* Cache */,
				A049765A29B03693000D5DCF /* Views */,
				A080980A29AEAE33003585B2 /* MLModel */,
				A04A906929AE9B6700314A6E /* utils */,
				A077191629ABFB4900AB00B1 /* clip_macApp.swift */,
				A077191829ABFB4900AB00B1 /* ContentView.swift */,
				A077191A29ABFB4900AB00B1 /* Assets.xcassets */,
				A077191F29ABFB4900AB00B1 /* Persistence.swift */,
				A077192429ABFB4900AB00B1 /* clip_mac.entitlements */,
				A077192129ABFB4900AB00B1 /* clip_mac.xcdatamodeld */,
				A077191C29ABFB4900AB00B1 /* Preview Content */,
				A077194829ABFCA900AB00B1 /* PerformML.swift */,
			);
			path = "clip-mac";
			sourceTree = "<group>";
		};
		A077191C29ABFB4900AB00B1 /* Preview Content */ = {
			isa = PBXGroup;
			children = (
				A077191D29ABFB4900AB00B1 /* Preview Assets.xcassets */,
			);
			path = "Preview Content";
			sourceTree = "<group>";
		};
		A077192C29ABFB4900AB00B1 /* clip-macTests */ = {
			isa = PBXGroup;
			children = (
				A077192D29ABFB4900AB00B1 /* clip_macTests.swift */,
			);
			path = "clip-macTests";
			sourceTree = "<group>";
		};
		A077193629ABFB4900AB00B1 /* clip-macUITests */ = {
			isa = PBXGroup;
			children = (
				A077193729ABFB4900AB00B1 /* clip_macUITests.swift */,
				A077193929ABFB4900AB00B1 /* clip_macUITestsLaunchTests.swift */,
			);
			path = "clip-macUITests";
			sourceTree = "<group>";
		};
		A07D532129C340CA00E1FF10 /* ViewModels */ = {
			isa = PBXGroup;
			children = (
				A0123D6129AFF13A004C2710 /* ContentViewModel.swift */,
			);
			path = ViewModels;
			sourceTree = "<group>";
		};
		A080980A29AEAE33003585B2 /* MLModel */ = {
			isa = PBXGroup;
			children = (
				A080980B29AEAE42003585B2 /* ModelManager.swift */,
			);
			path = MLModel;
			sourceTree = "<group>";
		};
		A082405129B29E6B0045DD30 /* Cache */ = {
			isa = PBXGroup;
			children = (
				A082405229B29E810045DD30 /* MD5HashingService.swift */,
				A082405429B2A4C20045DD30 /* ImageFileModel.xcdatamodeld */,
			);
			path = Cache;
			sourceTree = "<group>";
		};
/* End PBXGroup section */

/* Begin PBXNativeTarget section */
		A077191229ABFB4900AB00B1 /* clip-mac */ = {
			isa = PBXNativeTarget;
			buildConfigurationList = A077193D29ABFB4900AB00B1 /* Build configuration list for PBXNativeTarget "clip-mac" */;
			buildPhases = (
				A077190F29ABFB4900AB00B1 /* Sources */,
				A077191029ABFB4900AB00B1 /* Frameworks */,
				A077191129ABFB4900AB00B1 /* Resources */,
				A0132A0129AD34A900C6DAB1 /* CopyFiles */,
			);
			buildRules = (
			);
			dependencies = (
			);
			name = "clip-mac";
			packageProductDependencies = (
				A080980429AEA855003585B2 /* Collections */,
				A080980629AEA855003585B2 /* DequeModule */,
				A080980829AEA855003585B2 /* OrderedCollections */,
				A0F2F7DF29C32D5200736220 /* SwiftDraw */,
			);
			productName = "clip-mac";
			productReference = A077191329ABFB4900AB00B1 /* clip-mac.app */;
			productType = "com.apple.product-type.application";
		};
		A077192829ABFB4900AB00B1 /* clip-macTests */ = {
			isa = PBXNativeTarget;
			buildConfigurationList = A077194029ABFB4900AB00B1 /* Build configuration list for PBXNativeTarget "clip-macTests" */;
			buildPhases = (
				A077192529ABFB4900AB00B1 /* Sources */,
				A077192629ABFB4900AB00B1 /* Frameworks */,
				A077192729ABFB4900AB00B1 /* Resources */,
			);
			buildRules = (
			);
			dependencies = (
				A077192B29ABFB4900AB00B1 /* PBXTargetDependency */,
			);
			name = "clip-macTests";
			productName = "clip-macTests";
			productReference = A077192929ABFB4900AB00B1 /* clip-macTests.xctest */;
			productType = "com.apple.product-type.bundle.unit-test";
		};
		A077193229ABFB4900AB00B1 /* clip-macUITests */ = {
			isa = PBXNativeTarget;
			buildConfigurationList = A077194329ABFB4900AB00B1 /* Build configuration list for PBXNativeTarget "clip-macUITests" */;
			buildPhases = (
				A077192F29ABFB4900AB00B1 /* Sources */,
				A077193029ABFB4900AB00B1 /* Frameworks */,
				A077193129ABFB4900AB00B1 /* Resources */,
			);
			buildRules = (
			);
			dependencies = (
				A077193529ABFB4900AB00B1 /* PBXTargetDependency */,
			);
			name = "clip-macUITests";
			productName = "clip-macUITests";
			productReference = A077193329ABFB4900AB00B1 /* clip-macUITests.xctest */;
			productType = "com.apple.product-type.bundle.ui-testing";
		};
/* End PBXNativeTarget section */

/* Begin PBXProject section */
		A077190B29ABFB4900AB00B1 /* Project object */ = {
			isa = PBXProject;
			attributes = {
				BuildIndependentTargetsInParallel = 1;
				KnownAssetTags = (
					New,
				);
				LastSwiftUpdateCheck = 1420;
				LastUpgradeCheck = 1420;
				TargetAttributes = {
					A077191229ABFB4900AB00B1 = {
						CreatedOnToolsVersion = 14.2;
					};
					A077192829ABFB4900AB00B1 = {
						CreatedOnToolsVersion = 14.2;
						TestTargetID = A077191229ABFB4900AB00B1;
					};
					A077193229ABFB4900AB00B1 = {
						CreatedOnToolsVersion = 14.2;
						TestTargetID = A077191229ABFB4900AB00B1;
					};
				};
			};
			buildConfigurationList = A077190E29ABFB4900AB00B1 /* Build configuration list for PBXProject "clip-mac" */;
			compatibilityVersion = "Xcode 14.0";
			developmentRegion = en;
			hasScannedForEncodings = 0;
			knownRegions = (
				en,
				Base,
			);
			mainGroup = A077190A29ABFB4900AB00B1;
			packageReferences = (
				A080980329AEA855003585B2 /* XCRemoteSwiftPackageReference "swift-collections" */,
				A0F2F7DE29C32D5200736220 /* XCRemoteSwiftPackageReference "SwiftDraw" */,
			);
			productRefGroup = A077191429ABFB4900AB00B1 /* Products */;
			projectDirPath = "";
			projectRoot = "";
			targets = (
				A077191229ABFB4900AB00B1 /* clip-mac */,
				A077192829ABFB4900AB00B1 /* clip-macTests */,
				A077193229ABFB4900AB00B1 /* clip-macUITests */,
			);
		};
/* End PBXProject section */

/* Begin PBXResourcesBuildPhase section */
		A077191129ABFB4900AB00B1 /* Resources */ = {
			isa = PBXResourcesBuildPhase;
			buildActionMask = 2147483647;
			files = (
				A077191E29ABFB4900AB00B1 /* Preview Assets.xcassets in Resources */,
				A077191B29ABFB4900AB00B1 /* Assets.xcassets in Resources */,
			);
			runOnlyForDeploymentPostprocessing = 0;
		};
		A077192729ABFB4900AB00B1 /* Resources */ = {
			isa = PBXResourcesBuildPhase;
			buildActionMask = 2147483647;
			files = (
			);
			runOnlyForDeploymentPostprocessing = 0;
		};
		A077193129ABFB4900AB00B1 /* Resources */ = {
			isa = PBXResourcesBuildPhase;
			buildActionMask = 2147483647;
			files = (
			);
			runOnlyForDeploymentPostprocessing = 0;
		};
/* End PBXResourcesBuildPhase section */

/* Begin PBXSourcesBuildPhase section */
		A077190F29ABFB4900AB00B1 /* Sources */ = {
			isa = PBXSourcesBuildPhase;
			buildActionMask = 2147483647;
			files = (
				A07D532229C3410E00E1FF10 /* clip_vitb32.mlpackage in Sources */,
				A049765C29B036A4000D5DCF /* SimilarityImagePredictionView.swift in Sources */,
				A0123D6229AFF13A004C2710 /* ContentViewModel.swift in Sources */,
				A04A906B29AE9B8100314A6E /* SimilarityUtils.swift in Sources */,
				A077194929ABFCA900AB00B1 /* PerformML.swift in Sources */,
				A077192029ABFB4900AB00B1 /* Persistence.swift in Sources */,
				A082405329B29E810045DD30 /* MD5HashingService.swift in Sources */,
				A077192329ABFB4900AB00B1 /* clip_mac.xcdatamodeld in Sources */,
				A080980C29AEAE42003585B2 /* ModelManager.swift in Sources */,
				A02726B329B37E2600731682 /* GitTesting.swift in Sources */,
				A077191929ABFB4900AB00B1 /* ContentView.swift in Sources */,
				A077191729ABFB4900AB00B1 /* clip_macApp.swift in Sources */,
				A082405629B2A4C20045DD30 /* ImageFileModel.xcdatamodeld in Sources */,
			);
			runOnlyForDeploymentPostprocessing = 0;
		};
		A077192529ABFB4900AB00B1 /* Sources */ = {
			isa = PBXSourcesBuildPhase;
			buildActionMask = 2147483647;
			files = (
				A077192E29ABFB4900AB00B1 /* clip_macTests.swift in Sources */,
			);
			runOnlyForDeploymentPostprocessing = 0;
		};
		A077192F29ABFB4900AB00B1 /* Sources */ = {
			isa = PBXSourcesBuildPhase;
			buildActionMask = 2147483647;
			files = (
				A077193A29ABFB4900AB00B1 /* clip_macUITestsLaunchTests.swift in Sources */,
				A077193829ABFB4900AB00B1 /* clip_macUITests.swift in Sources */,
			);
			runOnlyForDeploymentPostprocessing = 0;
		};
/* End PBXSourcesBuildPhase section */

/* Begin PBXTargetDependency section */
		A077192B29ABFB4900AB00B1 /* PBXTargetDependency */ = {
			isa = PBXTargetDependency;
			target = A077191229ABFB4900AB00B1 /* clip-mac */;
			targetProxy = A077192A29ABFB4900AB00B1 /* PBXContainerItemProxy */;
		};
		A077193529ABFB4900AB00B1 /* PBXTargetDependency */ = {
			isa = PBXTargetDependency;
			target = A077191229ABFB4900AB00B1 /* clip-mac */;
			targetProxy = A077193429ABFB4900AB00B1 /* PBXContainerItemProxy */;
		};
/* End PBXTargetDependency section */

/* Begin XCBuildConfiguration section */
		A077193B29ABFB4900AB00B1 /* Debug */ = {
			isa = XCBuildConfiguration;
			buildSettings = {
				ALWAYS_SEARCH_USER_PATHS = NO;
				CLANG_ANALYZER_NONNULL = YES;
				CLANG_ANALYZER_NUMBER_OBJECT_CONVERSION = YES_AGGRESSIVE;
				CLANG_CXX_LANGUAGE_STANDARD = "gnu++20";
				CLANG_ENABLE_MODULES = YES;
				CLANG_ENABLE_OBJC_ARC = YES;
				CLANG_ENABLE_OBJC_WEAK = YES;
				CLANG_WARN_BLOCK_CAPTURE_AUTORELEASING = YES;
				CLANG_WARN_BOOL_CONVERSION = YES;
				CLANG_WARN_COMMA = YES;
				CLANG_WARN_CONSTANT_CONVERSION = YES;
				CLANG_WARN_DEPRECATED_OBJC_IMPLEMENTATIONS = YES;
				CLANG_WARN_DIRECT_OBJC_ISA_USAGE = YES_ERROR;
				CLANG_WARN_DOCUMENTATION_COMMENTS = YES;
				CLANG_WARN_EMPTY_BODY = YES;
				CLANG_WARN_ENUM_CONVERSION = YES;
				CLANG_WARN_INFINITE_RECURSION = YES;
				CLANG_WARN_INT_CONVERSION = YES;
				CLANG_WARN_NON_LITERAL_NULL_CONVERSION = YES;
				CLANG_WARN_OBJC_IMPLICIT_RETAIN_SELF = YES;
				CLANG_WARN_OBJC_LITERAL_CONVERSION = YES;
				CLANG_WARN_OBJC_ROOT_CLASS = YES_ERROR;
				CLANG_WARN_QUOTED_INCLUDE_IN_FRAMEWORK_HEADER = YES;
				CLANG_WARN_RANGE_LOOP_ANALYSIS = YES;
				CLANG_WARN_STRICT_PROTOTYPES = YES;
				CLANG_WARN_SUSPICIOUS_MOVE = YES;
				CLANG_WARN_UNGUARDED_AVAILABILITY = YES_AGGRESSIVE;
				CLANG_WARN_UNREACHABLE_CODE = YES;
				CLANG_WARN__DUPLICATE_METHOD_MATCH = YES;
				COPY_PHASE_STRIP = NO;
				DEBUG_INFORMATION_FORMAT = dwarf;
				ENABLE_STRICT_OBJC_MSGSEND = YES;
				ENABLE_TESTABILITY = YES;
				GCC_C_LANGUAGE_STANDARD = gnu11;
				GCC_DYNAMIC_NO_PIC = NO;
				GCC_NO_COMMON_BLOCKS = YES;
				GCC_OPTIMIZATION_LEVEL = 0;
				GCC_PREPROCESSOR_DEFINITIONS = (
					"DEBUG=1",
					"$(inherited)",
				);
				GCC_WARN_64_TO_32_BIT_CONVERSION = YES;
				GCC_WARN_ABOUT_RETURN_TYPE = YES_ERROR;
				GCC_WARN_UNDECLARED_SELECTOR = YES;
				GCC_WARN_UNINITIALIZED_AUTOS = YES_AGGRESSIVE;
				GCC_WARN_UNUSED_FUNCTION = YES;
				GCC_WARN_UNUSED_VARIABLE = YES;
				MACOSX_DEPLOYMENT_TARGET = 13.0;
				MTL_ENABLE_DEBUG_INFO = INCLUDE_SOURCE;
				MTL_FAST_MATH = YES;
				ONLY_ACTIVE_ARCH = YES;
				SDKROOT = macosx;
				SWIFT_ACTIVE_COMPILATION_CONDITIONS = DEBUG;
				SWIFT_OPTIMIZATION_LEVEL = "-Onone";
			};
			name = Debug;
		};
		A077193C29ABFB4900AB00B1 /* Release */ = {
			isa = XCBuildConfiguration;
			buildSettings = {
				ALWAYS_SEARCH_USER_PATHS = NO;
				CLANG_ANALYZER_NONNULL = YES;
				CLANG_ANALYZER_NUMBER_OBJECT_CONVERSION = YES_AGGRESSIVE;
				CLANG_CXX_LANGUAGE_STANDARD = "gnu++20";
				CLANG_ENABLE_MODULES = YES;
				CLANG_ENABLE_OBJC_ARC = YES;
				CLANG_ENABLE_OBJC_WEAK = YES;
				CLANG_WARN_BLOCK_CAPTURE_AUTORELEASING = YES;
				CLANG_WARN_BOOL_CONVERSION = YES;
				CLANG_WARN_COMMA = YES;
				CLANG_WARN_CONSTANT_CONVERSION = YES;
				CLANG_WARN_DEPRECATED_OBJC_IMPLEMENTATIONS = YES;
				CLANG_WARN_DIRECT_OBJC_ISA_USAGE = YES_ERROR;
				CLANG_WARN_DOCUMENTATION_COMMENTS = YES;
				CLANG_WARN_EMPTY_BODY = YES;
				CLANG_WARN_ENUM_CONVERSION = YES;
				CLANG_WARN_INFINITE_RECURSION = YES;
				CLANG_WARN_INT_CONVERSION = YES;
				CLANG_WARN_NON_LITERAL_NULL_CONVERSION = YES;
				CLANG_WARN_OBJC_IMPLICIT_RETAIN_SELF = YES;
				CLANG_WARN_OBJC_LITERAL_CONVERSION = YES;
				CLANG_WARN_OBJC_ROOT_CLASS = YES_ERROR;
				CLANG_WARN_QUOTED_INCLUDE_IN_FRAMEWORK_HEADER = YES;
				CLANG_WARN_RANGE_LOOP_ANALYSIS = YES;
				CLANG_WARN_STRICT_PROTOTYPES = YES;
				CLANG_WARN_SUSPICIOUS_MOVE = YES;
				CLANG_WARN_UNGUARDED_AVAILABILITY = YES_AGGRESSIVE;
				CLANG_WARN_UNREACHABLE_CODE = YES;
				CLANG_WARN__DUPLICATE_METHOD_MATCH = YES;
				COPY_PHASE_STRIP = NO;
				DEBUG_INFORMATION_FORMAT = "dwarf-with-dsym";
				ENABLE_NS_ASSERTIONS = NO;
				ENABLE_STRICT_OBJC_MSGSEND = YES;
				GCC_C_LANGUAGE_STANDARD = gnu11;
				GCC_NO_COMMON_BLOCKS = YES;
				GCC_WARN_64_TO_32_BIT_CONVERSION = YES;
				GCC_WARN_ABOUT_RETURN_TYPE = YES_ERROR;
				GCC_WARN_UNDECLARED_SELECTOR = YES;
				GCC_WARN_UNINITIALIZED_AUTOS = YES_AGGRESSIVE;
				GCC_WARN_UNUSED_FUNCTION = YES;
				GCC_WARN_UNUSED_VARIABLE = YES;
				MACOSX_DEPLOYMENT_TARGET = 13.0;
				MTL_ENABLE_DEBUG_INFO = NO;
				MTL_FAST_MATH = YES;
				SDKROOT = macosx;
				SWIFT_COMPILATION_MODE = wholemodule;
				SWIFT_OPTIMIZATION_LEVEL = "-O";
			};
			name = Release;
		};
		A077193E29ABFB4900AB00B1 /* Debug */ = {
			isa = XCBuildConfiguration;
			buildSettings = {
				ASSETCATALOG_COMPILER_APPICON_NAME = AppIcon;
				ASSETCATALOG_COMPILER_GLOBAL_ACCENT_COLOR_NAME = AccentColor;
				ASSETCATALOG_COMPILER_INCLUDE_ALL_APPICON_ASSETS = YES;
				CODE_SIGN_ENTITLEMENTS = "clip-mac/clip_mac.entitlements";
				"CODE_SIGN_IDENTITY[sdk=macosx*]" = "Apple Development";
				CODE_SIGN_STYLE = Automatic;
				COMBINE_HIDPI_IMAGES = YES;
				CURRENT_PROJECT_VERSION = 1;
				DEVELOPMENT_TEAM = FCS8S27V32;
				ENABLE_HARDENED_RUNTIME = YES;
				ENABLE_PREVIEWS = YES;
				GENERATE_INFOPLIST_FILE = YES;
				INFOPLIST_KEY_NSHumanReadableCopyright = "";
				LD_RUNPATH_SEARCH_PATHS = (
					"$(inherited)",
					"@executable_path/../Frameworks",
				);
				MARKETING_VERSION = 1.0;
				PRODUCT_BUNDLE_IDENTIFIER = "com.jainam.clip-mac";
				PRODUCT_NAME = "$(TARGET_NAME)";
				SWIFT_EMIT_LOC_STRINGS = YES;
				SWIFT_VERSION = 5.0;
			};
			name = Debug;
		};
		A077193F29ABFB4900AB00B1 /* Release */ = {
			isa = XCBuildConfiguration;
			buildSettings = {
				ASSETCATALOG_COMPILER_APPICON_NAME = AppIcon;
				ASSETCATALOG_COMPILER_GLOBAL_ACCENT_COLOR_NAME = AccentColor;
				ASSETCATALOG_COMPILER_INCLUDE_ALL_APPICON_ASSETS = YES;
				CODE_SIGN_ENTITLEMENTS = "clip-mac/clip_mac.entitlements";
				CODE_SIGN_STYLE = Automatic;
				COMBINE_HIDPI_IMAGES = YES;
				CURRENT_PROJECT_VERSION = 1;
				DEVELOPMENT_TEAM = FCS8S27V32;
				ENABLE_HARDENED_RUNTIME = YES;
				ENABLE_PREVIEWS = YES;
				GENERATE_INFOPLIST_FILE = YES;
				INFOPLIST_KEY_NSHumanReadableCopyright = "";
				LD_RUNPATH_SEARCH_PATHS = (
					"$(inherited)",
					"@executable_path/../Frameworks",
				);
				MARKETING_VERSION = 1.0;
				PRODUCT_BUNDLE_IDENTIFIER = "com.jainam.clip-mac";
				PRODUCT_NAME = "$(TARGET_NAME)";
				SWIFT_EMIT_LOC_STRINGS = YES;
				SWIFT_VERSION = 5.0;
			};
			name = Release;
		};
		A077194129ABFB4900AB00B1 /* Debug */ = {
			isa = XCBuildConfiguration;
			buildSettings = {
				ALWAYS_EMBED_SWIFT_STANDARD_LIBRARIES = YES;
				BUNDLE_LOADER = "$(TEST_HOST)";
				CODE_SIGN_STYLE = Automatic;
				CURRENT_PROJECT_VERSION = 1;
				DEVELOPMENT_TEAM = FCS8S27V32;
				GENERATE_INFOPLIST_FILE = YES;
				MACOSX_DEPLOYMENT_TARGET = 13.0;
				MARKETING_VERSION = 1.0;
				PRODUCT_BUNDLE_IDENTIFIER = "com.jainam.clip-macTests";
				PRODUCT_NAME = "$(TARGET_NAME)";
				SWIFT_EMIT_LOC_STRINGS = NO;
				SWIFT_VERSION = 5.0;
				TEST_HOST = "$(BUILT_PRODUCTS_DIR)/clip-mac.app/$(BUNDLE_EXECUTABLE_FOLDER_PATH)/clip-mac";
			};
			name = Debug;
		};
		A077194229ABFB4900AB00B1 /* Release */ = {
			isa = XCBuildConfiguration;
			buildSettings = {
				ALWAYS_EMBED_SWIFT_STANDARD_LIBRARIES = YES;
				BUNDLE_LOADER = "$(TEST_HOST)";
				CODE_SIGN_STYLE = Automatic;
				CURRENT_PROJECT_VERSION = 1;
				DEVELOPMENT_TEAM = FCS8S27V32;
				GENERATE_INFOPLIST_FILE = YES;
				MACOSX_DEPLOYMENT_TARGET = 13.0;
				MARKETING_VERSION = 1.0;
				PRODUCT_BUNDLE_IDENTIFIER = "com.jainam.clip-macTests";
				PRODUCT_NAME = "$(TARGET_NAME)";
				SWIFT_EMIT_LOC_STRINGS = NO;
				SWIFT_VERSION = 5.0;
				TEST_HOST = "$(BUILT_PRODUCTS_DIR)/clip-mac.app/$(BUNDLE_EXECUTABLE_FOLDER_PATH)/clip-mac";
			};
			name = Release;
		};
		A077194429ABFB4900AB00B1 /* Debug */ = {
			isa = XCBuildConfiguration;
			buildSettings = {
				ALWAYS_EMBED_SWIFT_STANDARD_LIBRARIES = YES;
				CODE_SIGN_STYLE = Automatic;
				CURRENT_PROJECT_VERSION = 1;
				DEVELOPMENT_TEAM = FCS8S27V32;
				GENERATE_INFOPLIST_FILE = YES;
				MARKETING_VERSION = 1.0;
				PRODUCT_BUNDLE_IDENTIFIER = "com.jainam.clip-macUITests";
				PRODUCT_NAME = "$(TARGET_NAME)";
				SWIFT_EMIT_LOC_STRINGS = NO;
				SWIFT_VERSION = 5.0;
				TEST_TARGET_NAME = "clip-mac";
			};
			name = Debug;
		};
		A077194529ABFB4900AB00B1 /* Release */ = {
			isa = XCBuildConfiguration;
			buildSettings = {
				ALWAYS_EMBED_SWIFT_STANDARD_LIBRARIES = YES;
				CODE_SIGN_STYLE = Automatic;
				CURRENT_PROJECT_VERSION = 1;
				DEVELOPMENT_TEAM = FCS8S27V32;
				GENERATE_INFOPLIST_FILE = YES;
				MARKETING_VERSION = 1.0;
				PRODUCT_BUNDLE_IDENTIFIER = "com.jainam.clip-macUITests";
				PRODUCT_NAME = "$(TARGET_NAME)";
				SWIFT_EMIT_LOC_STRINGS = NO;
				SWIFT_VERSION = 5.0;
				TEST_TARGET_NAME = "clip-mac";
			};
			name = Release;
		};
/* End XCBuildConfiguration section */

/* Begin XCConfigurationList section */
		A077190E29ABFB4900AB00B1 /* Build configuration list for PBXProject "clip-mac" */ = {
			isa = XCConfigurationList;
			buildConfigurations = (
				A077193B29ABFB4900AB00B1 /* Debug */,
				A077193C29ABFB4900AB00B1 /* Release */,
			);
			defaultConfigurationIsVisible = 0;
			defaultConfigurationName = Release;
		};
		A077193D29ABFB4900AB00B1 /* Build configuration list for PBXNativeTarget "clip-mac" */ = {
			isa = XCConfigurationList;
			buildConfigurations = (
				A077193E29ABFB4900AB00B1 /* Debug */,
				A077193F29ABFB4900AB00B1 /* Release */,
			);
			defaultConfigurationIsVisible = 0;
			defaultConfigurationName = Release;
		};
		A077194029ABFB4900AB00B1 /* Build configuration list for PBXNativeTarget "clip-macTests" */ = {
			isa = XCConfigurationList;
			buildConfigurations = (
				A077194129ABFB4900AB00B1 /* Debug */,
				A077194229ABFB4900AB00B1 /* Release */,
			);
			defaultConfigurationIsVisible = 0;
			defaultConfigurationName = Release;
		};
		A077194329ABFB4900AB00B1 /* Build configuration list for PBXNativeTarget "clip-macUITests" */ = {
			isa = XCConfigurationList;
			buildConfigurations = (
				A077194429ABFB4900AB00B1 /* Debug */,
				A077194529ABFB4900AB00B1 /* Release */,
			);
			defaultConfigurationIsVisible = 0;
			defaultConfigurationName = Release;
		};
/* End XCConfigurationList section */

/* Begin XCRemoteSwiftPackageReference section */
		A080980329AEA855003585B2 /* XCRemoteSwiftPackageReference "swift-collections" */ = {
			isa = XCRemoteSwiftPackageReference;
			repositoryURL = "https://github.com/apple/swift-collections.git";
			requirement = {
				kind = upToNextMajorVersion;
				minimumVersion = 1.0.0;
			};
		};
		A0F2F7DE29C32D5200736220 /* XCRemoteSwiftPackageReference "SwiftDraw" */ = {
			isa = XCRemoteSwiftPackageReference;
			repositoryURL = "https://github.com/swhitty/SwiftDraw.git";
			requirement = {
				kind = upToNextMajorVersion;
				minimumVersion = 0.9.6;
			};
		};
/* End XCRemoteSwiftPackageReference section */

/* Begin XCSwiftPackageProductDependency section */
		A080980429AEA855003585B2 /* Collections */ = {
			isa = XCSwiftPackageProductDependency;
			package = A080980329AEA855003585B2 /* XCRemoteSwiftPackageReference "swift-collections" */;
			productName = Collections;
		};
		A080980629AEA855003585B2 /* DequeModule */ = {
			isa = XCSwiftPackageProductDependency;
			package = A080980329AEA855003585B2 /* XCRemoteSwiftPackageReference "swift-collections" */;
			productName = DequeModule;
		};
		A080980829AEA855003585B2 /* OrderedCollections */ = {
			isa = XCSwiftPackageProductDependency;
			package = A080980329AEA855003585B2 /* XCRemoteSwiftPackageReference "swift-collections" */;
			productName = OrderedCollections;
		};
		A0F2F7DF29C32D5200736220 /* SwiftDraw */ = {
			isa = XCSwiftPackageProductDependency;
			package = A0F2F7DE29C32D5200736220 /* XCRemoteSwiftPackageReference "SwiftDraw" */;
			productName = SwiftDraw;
		};
/* End XCSwiftPackageProductDependency section */

/* Begin XCVersionGroup section */
		A077192129ABFB4900AB00B1 /* clip_mac.xcdatamodeld */ = {
			isa = XCVersionGroup;
			children = (
				A077192229ABFB4900AB00B1 /* clip_mac.xcdatamodel */,
			);
			currentVersion = A077192229ABFB4900AB00B1 /* clip_mac.xcdatamodel */;
			path = clip_mac.xcdatamodeld;
			sourceTree = "<group>";
			versionGroupType = wrapper.xcdatamodel;
		};
		A082405429B2A4C20045DD30 /* ImageFileModel.xcdatamodeld */ = {
			isa = XCVersionGroup;
			children = (
				A082405529B2A4C20045DD30 /* ImageFileModel.xcdatamodel */,
			);
			currentVersion = A082405529B2A4C20045DD30 /* ImageFileModel.xcdatamodel */;
			path = ImageFileModel.xcdatamodeld;
			sourceTree = "<group>";
			versionGroupType = wrapper.xcdatamodel;
		};
/* End XCVersionGroup section */
	};
	rootObject = A077190B29ABFB4900AB00B1 /* Project object */;
}
